
Microsoft Visual Studio Solution File, Format Version 12.00
# Visual Studio Version 16
VisualStudioVersion = 16.0.30804.86
MinimumVisualStudioVersion = 10.0.40219.1
Project("{FAE04EC0-301F-11D3-BF4B-00C04F79EFBC}") = "T21_UNIT_TEST", "T21_UNIT_TEST\T21_UNIT_TEST.csproj", "{1C9AEB9A-06B7-4CA8-B89F-CB394385D951}"
EndProject
Project("{FAE04EC0-301F-11D3-BF4B-00C04F79EFBC}") = "T21_UNIT_TESTTests", "T21_UNIT_TESTTests1\T21_UNIT_TESTTests.csproj", "{19D79653-FDE4-46DD-B5A5-3F6CE985050F}"
EndProject
Global
	GlobalSection(SolutionConfigurationPlatforms) = preSolution
		Debug|Any CPU = Debug|Any CPU
		Release|Any CPU = Release|Any CPU
	EndGlobalSection
	GlobalSection(ProjectConfigurationPlatforms) = postSolution
		{1C9AEB9A-06B7-4CA8-B89F-CB394385D951}.Debug|Any CPU.ActiveCfg = Debug|Any CPU
		{1C9AEB9A-06B7-4CA8-B89F-CB394385D951}.Debug|Any CPU.Build.0 = Debug|Any CPU
		{1C9AEB9A-06B7-4CA8-B89F-CB394385D951}.Release|Any CPU.ActiveCfg = Release|Any CPU
		{1C9AEB9A-06B7-4CA8-B89F-CB394385D951}.Release|Any CPU.Build.0 = Release|Any CPU
		{19D79653-FDE4-46DD-B5A5-3F6CE985050F}.Debug|Any CPU.ActiveCfg = Debug|Any CPU
		{19D79653-FDE4-46DD-B5A5-3F6CE985050F}.Debug|Any CPU.Build.0 = Debug|Any CPU
		{19D79653-FDE4-46DD-B5A5-3F6CE985050F}.Release|Any CPU.ActiveCfg = Release|Any CPU
		{19D79653-FDE4-46DD-B5A5-3F6CE985050F}.Release|Any CPU.Build.0 = Release|Any CPU
	EndGlobalSection
	GlobalSection(SolutionProperties) = preSolution
		HideSolutionNode = FALSE
	EndGlobalSection
	GlobalSection(ExtensibilityGlobals) = postSolution
		SolutionGuid = {8D33FE2E-112D-4487-B34C-7BAD35D95396}
	EndGlobalSection
EndGlobal
